
Microsoft Visual Studio Solution File, Format Version 12.00
# Visual Studio Version 17
VisualStudioVersion = 17.1.32328.378
MinimumVisualStudioVersion = 10.0.40219.1
Project("{9A19103F-16F7-4668-BE54-9A1E7A4F7556}") = "CryptoServiceCSharp", "CryptoServiceCSharp\CryptoServiceCSharp.csproj", "{8A53F511-24E5-4546-9155-74E63A4BBA70}"
EndProject
Global
	GlobalSection(SolutionConfigurationPlatforms) = preSolution
		Debug|Any CPU = Debug|Any CPU
		Release|Any CPU = Release|Any CPU
	EndGlobalSection
	GlobalSection(ProjectConfigurationPlatforms) = postSolution
		{8A53F511-24E5-4546-9155-74E63A4BBA70}.Debug|Any CPU.ActiveCfg = Release|Any CPU
		{8A53F511-24E5-4546-9155-74E63A4BBA70}.Debug|Any CPU.Build.0 = Release|Any CPU
		{8A53F511-24E5-4546-9155-74E63A4BBA70}.Release|Any CPU.ActiveCfg = Release|Any CPU
		{8A53F511-24E5-4546-9155-74E63A4BBA70}.Release|Any CPU.Build.0 = Release|Any CPU
	EndGlobalSection
	GlobalSection(SolutionProperties) = preSolution
		HideSolutionNode = FALSE
	EndGlobalSection
	GlobalSection(ExtensibilityGlobals) = postSolution
		SolutionGuid = {BA42BF3F-BF86-45CB-9E75-45CCD6624DD5}
	EndGlobalSection
EndGlobal
